// !$*UTF8*$!
{
	archiveVersion = 1;
	classes = {
	};
	objectVersion = 51;
	objects = {

/* Begin PBXBuildFile section */
		8DDD19531E9750B7863B906C /* Pods_DeenOverDose.framework in Frameworks */ = {isa = PBXBuildFile; fileRef = 19EDE544B2252DF5813F45F5 /* Pods_DeenOverDose.framework */; };
		C2124E3A2594ABBD0032CECA /* ChooseModeView.swift in Sources */ = {isa = PBXBuildFile; fileRef = C2124E392594ABBD0032CECA /* ChooseModeView.swift */; };
		C217CC2E25850A7100D65396 /* QuestionViewModel.swift in Sources */ = {isa = PBXBuildFile; fileRef = C217CC2D25850A7100D65396 /* QuestionViewModel.swift */; };
		C237439E257EEB3C001C5244 /* Bungee-Inline.otf in Resources */ = {isa = PBXBuildFile; fileRef = C237439D257EEB3C001C5244 /* Bungee-Inline.otf */; };
		C23743A1257EEB49001C5244 /* Bungee-Regular.otf in Resources */ = {isa = PBXBuildFile; fileRef = C23743A0257EEB49001C5244 /* Bungee-Regular.otf */; };
		C23743A4257EEC59001C5244 /* PressStart2P-Regular.ttf in Resources */ = {isa = PBXBuildFile; fileRef = C23743A3257EEC59001C5244 /* PressStart2P-Regular.ttf */; };
		C2392B8B2560F03D00A93493 /* DeenOverDoseApp.swift in Sources */ = {isa = PBXBuildFile; fileRef = C2392B8A2560F03D00A93493 /* DeenOverDoseApp.swift */; };
		C2392B8D2560F03D00A93493 /* ContentView.swift in Sources */ = {isa = PBXBuildFile; fileRef = C2392B8C2560F03D00A93493 /* ContentView.swift */; };
		C2392B8F2560F04000A93493 /* Assets.xcassets in Resources */ = {isa = PBXBuildFile; fileRef = C2392B8E2560F04000A93493 /* Assets.xcassets */; };
		C2392B922560F04000A93493 /* Preview Assets.xcassets in Resources */ = {isa = PBXBuildFile; fileRef = C2392B912560F04000A93493 /* Preview Assets.xcassets */; };
		C2392BA02560F07B00A93493 /* Bundle-Decodable.swift in Sources */ = {isa = PBXBuildFile; fileRef = C2392B9F2560F07B00A93493 /* Bundle-Decodable.swift */; };
		C2392BA32560F0AB00A93493 /* QuizView.swift in Sources */ = {isa = PBXBuildFile; fileRef = C2392BA22560F0AB00A93493 /* QuizView.swift */; };
		C2392BA62560F0B700A93493 /* Question.swift in Sources */ = {isa = PBXBuildFile; fileRef = C2392BA52560F0B700A93493 /* Question.swift */; };
		C2392BA92560F0C200A93493 /* deenodquestions.json in Resources */ = {isa = PBXBuildFile; fileRef = C2392BA82560F0C200A93493 /* deenodquestions.json */; };
		C26D343D2584502800E2D9F6 /* ResultView.swift in Sources */ = {isa = PBXBuildFile; fileRef = C26D343C2584502800E2D9F6 /* ResultView.swift */; };
		C26D34412584508100E2D9F6 /* ExitButton.swift in Sources */ = {isa = PBXBuildFile; fileRef = C26D34402584508100E2D9F6 /* ExitButton.swift */; };
		C26D3445258450C600E2D9F6 /* AnswerButton.swift in Sources */ = {isa = PBXBuildFile; fileRef = C26D3444258450C600E2D9F6 /* AnswerButton.swift */; };
		C26D34482584517A00E2D9F6 /* GreenBackground.swift in Sources */ = {isa = PBXBuildFile; fileRef = C26D34472584517A00E2D9F6 /* GreenBackground.swift */; };
		C26D34562584F3FB00E2D9F6 /* MainMenuView.swift in Sources */ = {isa = PBXBuildFile; fileRef = C26D34552584F3FB00E2D9F6 /* MainMenuView.swift */; };
		C26D345B2584FD3E00E2D9F6 /* GoogleService-Info.plist in Resources */ = {isa = PBXBuildFile; fileRef = C26D345A2584FD3E00E2D9F6 /* GoogleService-Info.plist */; };
		C2A24F5C259E36AD003ED4ED /* DeenOD.otf in Resources */ = {isa = PBXBuildFile; fileRef = C2A24F5B259E36AD003ED4ED /* DeenOD.otf */; };
		C2C3D21A259A42EC00442087 /* SettingsView.swift in Sources */ = {isa = PBXBuildFile; fileRef = C2C3D219259A42EC00442087 /* SettingsView.swift */; };
		C2C3D21D259A463E00442087 /* HeroesView.swift in Sources */ = {isa = PBXBuildFile; fileRef = C2C3D21C259A463E00442087 /* HeroesView.swift */; };
		C2C3D221259A467300442087 /* StatsView.swift in Sources */ = {isa = PBXBuildFile; fileRef = C2C3D220259A467300442087 /* StatsView.swift */; };
/* End PBXBuildFile section */

/* Begin PBXFileReference section */
		19EDE544B2252DF5813F45F5 /* Pods_DeenOverDose.framework */ = {isa = PBXFileReference; explicitFileType = wrapper.framework; includeInIndex = 0; path = Pods_DeenOverDose.framework; sourceTree = BUILT_PRODUCTS_DIR; };
		C2124E392594ABBD0032CECA /* ChooseModeView.swift */ = {isa = PBXFileReference; lastKnownFileType = sourcecode.swift; path = ChooseModeView.swift; sourceTree = "<group>"; };
		C217CC2D25850A7100D65396 /* QuestionViewModel.swift */ = {isa = PBXFileReference; lastKnownFileType = sourcecode.swift; path = QuestionViewModel.swift; sourceTree = "<group>"; };
		C237439D257EEB3C001C5244 /* Bungee-Inline.otf */ = {isa = PBXFileReference; lastKnownFileType = file; path = "Bungee-Inline.otf"; sourceTree = "<group>"; };
		C23743A0257EEB49001C5244 /* Bungee-Regular.otf */ = {isa = PBXFileReference; lastKnownFileType = file; path = "Bungee-Regular.otf"; sourceTree = "<group>"; };
		C23743A3257EEC59001C5244 /* PressStart2P-Regular.ttf */ = {isa = PBXFileReference; lastKnownFileType = file; path = "PressStart2P-Regular.ttf"; sourceTree = "<group>"; };
		C2392B872560F03D00A93493 /* DeenOverDose.app */ = {isa = PBXFileReference; explicitFileType = wrapper.application; includeInIndex = 0; path = DeenOverDose.app; sourceTree = BUILT_PRODUCTS_DIR; };
		C2392B8A2560F03D00A93493 /* DeenOverDoseApp.swift */ = {isa = PBXFileReference; lastKnownFileType = sourcecode.swift; path = DeenOverDoseApp.swift; sourceTree = "<group>"; };
		C2392B8C2560F03D00A93493 /* ContentView.swift */ = {isa = PBXFileReference; lastKnownFileType = sourcecode.swift; path = ContentView.swift; sourceTree = "<group>"; };
		C2392B8E2560F04000A93493 /* Assets.xcassets */ = {isa = PBXFileReference; lastKnownFileType = folder.assetcatalog; path = Assets.xcassets; sourceTree = "<group>"; };
		C2392B912560F04000A93493 /* Preview Assets.xcassets */ = {isa = PBXFileReference; lastKnownFileType = folder.assetcatalog; path = "Preview Assets.xcassets"; sourceTree = "<group>"; };
		C2392B982560F04000A93493 /* Info.plist */ = {isa = PBXFileReference; lastKnownFileType = text.plist.xml; path = Info.plist; sourceTree = "<group>"; };
		C2392B9F2560F07B00A93493 /* Bundle-Decodable.swift */ = {isa = PBXFileReference; fileEncoding = 4; lastKnownFileType = sourcecode.swift; path = "Bundle-Decodable.swift"; sourceTree = "<group>"; };
		C2392BA22560F0AB00A93493 /* QuizView.swift */ = {isa = PBXFileReference; fileEncoding = 4; lastKnownFileType = sourcecode.swift; path = QuizView.swift; sourceTree = "<group>"; };
		C2392BA52560F0B700A93493 /* Question.swift */ = {isa = PBXFileReference; fileEncoding = 4; lastKnownFileType = sourcecode.swift; path = Question.swift; sourceTree = "<group>"; };
		C2392BA82560F0C200A93493 /* deenodquestions.json */ = {isa = PBXFileReference; fileEncoding = 4; lastKnownFileType = text.json; path = deenodquestions.json; sourceTree = "<group>"; };
		C26D343C2584502800E2D9F6 /* ResultView.swift */ = {isa = PBXFileReference; lastKnownFileType = sourcecode.swift; path = ResultView.swift; sourceTree = "<group>"; };
		C26D34402584508100E2D9F6 /* ExitButton.swift */ = {isa = PBXFileReference; lastKnownFileType = sourcecode.swift; path = ExitButton.swift; sourceTree = "<group>"; };
		C26D3444258450C600E2D9F6 /* AnswerButton.swift */ = {isa = PBXFileReference; lastKnownFileType = sourcecode.swift; path = AnswerButton.swift; sourceTree = "<group>"; };
		C26D34472584517A00E2D9F6 /* GreenBackground.swift */ = {isa = PBXFileReference; lastKnownFileType = sourcecode.swift; path = GreenBackground.swift; sourceTree = "<group>"; };
		C26D34552584F3FB00E2D9F6 /* MainMenuView.swift */ = {isa = PBXFileReference; lastKnownFileType = sourcecode.swift; path = MainMenuView.swift; sourceTree = "<group>"; };
		C26D345A2584FD3E00E2D9F6 /* GoogleService-Info.plist */ = {isa = PBXFileReference; fileEncoding = 4; lastKnownFileType = text.plist.xml; path = "GoogleService-Info.plist"; sourceTree = "<group>"; };
		C2A24F5B259E36AD003ED4ED /* DeenOD.otf */ = {isa = PBXFileReference; lastKnownFileType = file; path = DeenOD.otf; sourceTree = "<group>"; };
		C2C3D219259A42EC00442087 /* SettingsView.swift */ = {isa = PBXFileReference; lastKnownFileType = sourcecode.swift; path = SettingsView.swift; sourceTree = "<group>"; };
		C2C3D21C259A463E00442087 /* HeroesView.swift */ = {isa = PBXFileReference; lastKnownFileType = sourcecode.swift; path = HeroesView.swift; sourceTree = "<group>"; };
		C2C3D220259A467300442087 /* StatsView.swift */ = {isa = PBXFileReference; lastKnownFileType = sourcecode.swift; path = StatsView.swift; sourceTree = "<group>"; };
		EC9BEA3C193C07AAFBAE895A /* Pods-DeenOverDose.debug.xcconfig */ = {isa = PBXFileReference; includeInIndex = 1; lastKnownFileType = text.xcconfig; name = "Pods-DeenOverDose.debug.xcconfig"; path = "Target Support Files/Pods-DeenOverDose/Pods-DeenOverDose.debug.xcconfig"; sourceTree = "<group>"; };
		F5DACAF32F5B4C850ACD489E /* Pods-DeenOverDose.release.xcconfig */ = {isa = PBXFileReference; includeInIndex = 1; lastKnownFileType = text.xcconfig; name = "Pods-DeenOverDose.release.xcconfig"; path = "Target Support Files/Pods-DeenOverDose/Pods-DeenOverDose.release.xcconfig"; sourceTree = "<group>"; };
/* End PBXFileReference section */

/* Begin PBXFrameworksBuildPhase section */
		C2392B842560F03D00A93493 /* Frameworks */ = {
			isa = PBXFrameworksBuildPhase;
			buildActionMask = 2147483647;
			files = (
				8DDD19531E9750B7863B906C /* Pods_DeenOverDose.framework in Frameworks */,
			);
			runOnlyForDeploymentPostprocessing = 0;
		};
/* End PBXFrameworksBuildPhase section */

/* Begin PBXGroup section */
		04F6A72687D6D9C0BB2197CB /* Frameworks */ = {
			isa = PBXGroup;
			children = (
				19EDE544B2252DF5813F45F5 /* Pods_DeenOverDose.framework */,
			);
			name = Frameworks;
			sourceTree = "<group>";
		};
		46AA2D23A82BBB7750E81EBB /* Pods */ = {
			isa = PBXGroup;
			children = (
				EC9BEA3C193C07AAFBAE895A /* Pods-DeenOverDose.debug.xcconfig */,
				F5DACAF32F5B4C850ACD489E /* Pods-DeenOverDose.release.xcconfig */,
			);
			path = Pods;
			sourceTree = "<group>";
		};
		C217CC2C25850A5A00D65396 /* ViewModel */ = {
			isa = PBXGroup;
			children = (
				C217CC2D25850A7100D65396 /* QuestionViewModel.swift */,
			);
			path = ViewModel;
			sourceTree = "<group>";
		};
		C217CCDB2589357700D65396 /* App */ = {
			isa = PBXGroup;
			children = (
				C2392B8A2560F03D00A93493 /* DeenOverDoseApp.swift */,
			);
			path = App;
			sourceTree = "<group>";
		};
		C237439C257EEAFF001C5244 /* Fonts */ = {
			isa = PBXGroup;
			children = (
				C2A24F5B259E36AD003ED4ED /* DeenOD.otf */,
				C23743A0257EEB49001C5244 /* Bungee-Regular.otf */,
				C237439D257EEB3C001C5244 /* Bungee-Inline.otf */,
				C23743A3257EEC59001C5244 /* PressStart2P-Regular.ttf */,
			);
			path = Fonts;
			sourceTree = "<group>";
		};
		C2392B7E2560F03D00A93493 = {
			isa = PBXGroup;
			children = (
				C2392B892560F03D00A93493 /* DeenOverDose */,
				C2392B882560F03D00A93493 /* Products */,
				46AA2D23A82BBB7750E81EBB /* Pods */,
				04F6A72687D6D9C0BB2197CB /* Frameworks */,
			);
			sourceTree = "<group>";
		};
		C2392B882560F03D00A93493 /* Products */ = {
			isa = PBXGroup;
			children = (
				C2392B872560F03D00A93493 /* DeenOverDose.app */,
			);
			name = Products;
			sourceTree = "<group>";
		};
		C2392B892560F03D00A93493 /* DeenOverDose */ = {
			isa = PBXGroup;
			children = (
				C217CCDB2589357700D65396 /* App */,
				C217CC2C25850A5A00D65396 /* ViewModel */,
				C26D344D258481D600E2D9F6 /* Views */,
				C26D344E2584820500E2D9F6 /* Models */,
				C2392B8E2560F04000A93493 /* Assets.xcassets */,
				C2392B982560F04000A93493 /* Info.plist */,
				C26D345A2584FD3E00E2D9F6 /* GoogleService-Info.plist */,
				C2392B9F2560F07B00A93493 /* Bundle-Decodable.swift */,
				C2392BA82560F0C200A93493 /* deenodquestions.json */,
				C237439C257EEAFF001C5244 /* Fonts */,
				C2392B902560F04000A93493 /* Preview Content */,
			);
			path = DeenOverDose;
			sourceTree = "<group>";
		};
		C2392B902560F04000A93493 /* Preview Content */ = {
			isa = PBXGroup;
			children = (
				C2392B912560F04000A93493 /* Preview Assets.xcassets */,
			);
			path = "Preview Content";
			sourceTree = "<group>";
		};
		C26D344D258481D600E2D9F6 /* Views */ = {
			isa = PBXGroup;
			children = (
				C2392B8C2560F03D00A93493 /* ContentView.swift */,
				C26D34552584F3FB00E2D9F6 /* MainMenuView.swift */,
				C2124E392594ABBD0032CECA /* ChooseModeView.swift */,
				C2C3D21C259A463E00442087 /* HeroesView.swift */,
				C2C3D220259A467300442087 /* StatsView.swift */,
				C2C3D219259A42EC00442087 /* SettingsView.swift */,
				C2392BA22560F0AB00A93493 /* QuizView.swift */,
				C26D343C2584502800E2D9F6 /* ResultView.swift */,
				C26D34402584508100E2D9F6 /* ExitButton.swift */,
				C26D3444258450C600E2D9F6 /* AnswerButton.swift */,
				C26D34472584517A00E2D9F6 /* GreenBackground.swift */,
			);
			path = Views;
			sourceTree = "<group>";
		};
		C26D344E2584820500E2D9F6 /* Models */ = {
			isa = PBXGroup;
			children = (
				C2392BA52560F0B700A93493 /* Question.swift */,
			);
			path = Models;
			sourceTree = "<group>";
		};
/* End PBXGroup section */

/* Begin PBXNativeTarget section */
		C2392B862560F03D00A93493 /* DeenOverDose */ = {
			isa = PBXNativeTarget;
			buildConfigurationList = C2392B9B2560F04000A93493 /* Build configuration list for PBXNativeTarget "DeenOverDose" */;
			buildPhases = (
				70DEB825E1667A14204C473D /* [CP] Check Pods Manifest.lock */,
				C2392B832560F03D00A93493 /* Sources */,
				C2392B842560F03D00A93493 /* Frameworks */,
				C2392B852560F03D00A93493 /* Resources */,
				C740149A8CC06914F164E4CE /* [CP] Embed Pods Frameworks */,
			);
			buildRules = (
			);
			dependencies = (
			);
			name = DeenOverDose;
			productName = DeenOverDose;
			productReference = C2392B872560F03D00A93493 /* DeenOverDose.app */;
			productType = "com.apple.product-type.application";
		};
/* End PBXNativeTarget section */

/* Begin PBXProject section */
		C2392B7F2560F03D00A93493 /* Project object */ = {
			isa = PBXProject;
			attributes = {
				LastSwiftUpdateCheck = 1210;
				LastUpgradeCheck = 1210;
				TargetAttributes = {
					C2392B862560F03D00A93493 = {
						CreatedOnToolsVersion = 12.1;
					};
				};
			};
			buildConfigurationList = C2392B822560F03D00A93493 /* Build configuration list for PBXProject "DeenOverDose" */;
			compatibilityVersion = "Xcode 9.3";
			developmentRegion = en;
			hasScannedForEncodings = 0;
			knownRegions = (
				en,
				Base,
			);
			mainGroup = C2392B7E2560F03D00A93493;
			productRefGroup = C2392B882560F03D00A93493 /* Products */;
			projectDirPath = "";
			projectRoot = "";
			targets = (
				C2392B862560F03D00A93493 /* DeenOverDose */,
			);
		};
/* End PBXProject section */

/* Begin PBXResourcesBuildPhase section */
		C2392B852560F03D00A93493 /* Resources */ = {
			isa = PBXResourcesBuildPhase;
			buildActionMask = 2147483647;
			files = (
				C2A24F5C259E36AD003ED4ED /* DeenOD.otf in Resources */,
				C23743A4257EEC59001C5244 /* PressStart2P-Regular.ttf in Resources */,
				C2392BA92560F0C200A93493 /* deenodquestions.json in Resources */,
				C2392B922560F04000A93493 /* Preview Assets.xcassets in Resources */,
				C237439E257EEB3C001C5244 /* Bungee-Inline.otf in Resources */,
				C23743A1257EEB49001C5244 /* Bungee-Regular.otf in Resources */,
				C2392B8F2560F04000A93493 /* Assets.xcassets in Resources */,
				C26D345B2584FD3E00E2D9F6 /* GoogleService-Info.plist in Resources */,
			);
			runOnlyForDeploymentPostprocessing = 0;
		};
/* End PBXResourcesBuildPhase section */

/* Begin PBXShellScriptBuildPhase section */
		70DEB825E1667A14204C473D /* [CP] Check Pods Manifest.lock */ = {
			isa = PBXShellScriptBuildPhase;
			buildActionMask = 2147483647;
			files = (
			);
			inputFileListPaths = (
			);
			inputPaths = (
				"${PODS_PODFILE_DIR_PATH}/Podfile.lock",
				"${PODS_ROOT}/Manifest.lock",
			);
			name = "[CP] Check Pods Manifest.lock";
			outputFileListPaths = (
			);
			outputPaths = (
				"$(DERIVED_FILE_DIR)/Pods-DeenOverDose-checkManifestLockResult.txt",
			);
			runOnlyForDeploymentPostprocessing = 0;
			shellPath = /bin/sh;
			shellScript = "diff \"${PODS_PODFILE_DIR_PATH}/Podfile.lock\" \"${PODS_ROOT}/Manifest.lock\" > /dev/null\nif [ $? != 0 ] ; then\n    # print error to STDERR\n    echo \"error: The sandbox is not in sync with the Podfile.lock. Run 'pod install' or update your CocoaPods installation.\" >&2\n    exit 1\nfi\n# This output is used by Xcode 'outputs' to avoid re-running this script phase.\necho \"SUCCESS\" > \"${SCRIPT_OUTPUT_FILE_0}\"\n";
			showEnvVarsInLog = 0;
		};
		C740149A8CC06914F164E4CE /* [CP] Embed Pods Frameworks */ = {
			isa = PBXShellScriptBuildPhase;
			buildActionMask = 2147483647;
			files = (
			);
			inputFileListPaths = (
				"${PODS_ROOT}/Target Support Files/Pods-DeenOverDose/Pods-DeenOverDose-frameworks-${CONFIGURATION}-input-files.xcfilelist",
			);
			name = "[CP] Embed Pods Frameworks";
			outputFileListPaths = (
				"${PODS_ROOT}/Target Support Files/Pods-DeenOverDose/Pods-DeenOverDose-frameworks-${CONFIGURATION}-output-files.xcfilelist",
			);
			runOnlyForDeploymentPostprocessing = 0;
			shellPath = /bin/sh;
			shellScript = "\"${PODS_ROOT}/Target Support Files/Pods-DeenOverDose/Pods-DeenOverDose-frameworks.sh\"\n";
			showEnvVarsInLog = 0;
		};
/* End PBXShellScriptBuildPhase section */

/* Begin PBXSourcesBuildPhase section */
		C2392B832560F03D00A93493 /* Sources */ = {
			isa = PBXSourcesBuildPhase;
			buildActionMask = 2147483647;
			files = (
				C26D343D2584502800E2D9F6 /* ResultView.swift in Sources */,
				C26D34412584508100E2D9F6 /* ExitButton.swift in Sources */,
				C2C3D21D259A463E00442087 /* HeroesView.swift in Sources */,
				C2392BA02560F07B00A93493 /* Bundle-Decodable.swift in Sources */,
				C2392B8D2560F03D00A93493 /* ContentView.swift in Sources */,
				C26D34562584F3FB00E2D9F6 /* MainMenuView.swift in Sources */,
				C2392B8B2560F03D00A93493 /* DeenOverDoseApp.swift in Sources */,
				C26D3445258450C600E2D9F6 /* AnswerButton.swift in Sources */,
				C26D34482584517A00E2D9F6 /* GreenBackground.swift in Sources */,
				C2124E3A2594ABBD0032CECA /* ChooseModeView.swift in Sources */,
				C2392BA62560F0B700A93493 /* Question.swift in Sources */,
				C2C3D221259A467300442087 /* StatsView.swift in Sources */,
				C217CC2E25850A7100D65396 /* QuestionViewModel.swift in Sources */,
				C2392BA32560F0AB00A93493 /* QuizView.swift in Sources */,
				C2C3D21A259A42EC00442087 /* SettingsView.swift in Sources */,
			);
			runOnlyForDeploymentPostprocessing = 0;
		};
/* End PBXSourcesBuildPhase section */

/* Begin XCBuildConfiguration section */
		C2392B992560F04000A93493 /* Debug */ = {
			isa = XCBuildConfiguration;
			buildSettings = {
				ALWAYS_SEARCH_USER_PATHS = NO;
				CLANG_ANALYZER_NONNULL = YES;
				CLANG_ANALYZER_NUMBER_OBJECT_CONVERSION = YES_AGGRESSIVE;
				CLANG_CXX_LANGUAGE_STANDARD = "gnu++14";
				CLANG_CXX_LIBRARY = "libc++";
				CLANG_ENABLE_MODULES = YES;
				CLANG_ENABLE_OBJC_ARC = YES;
				CLANG_ENABLE_OBJC_WEAK = YES;
				CLANG_WARN_BLOCK_CAPTURE_AUTORELEASING = YES;
				CLANG_WARN_BOOL_CONVERSION = YES;
				CLANG_WARN_COMMA = YES;
				CLANG_WARN_CONSTANT_CONVERSION = YES;
				CLANG_WARN_DEPRECATED_OBJC_IMPLEMENTATIONS = YES;
				CLANG_WARN_DIRECT_OBJC_ISA_USAGE = YES_ERROR;
				CLANG_WARN_DOCUMENTATION_COMMENTS = YES;
				CLANG_WARN_EMPTY_BODY = YES;
				CLANG_WARN_ENUM_CONVERSION = YES;
				CLANG_WARN_INFINITE_RECURSION = YES;
				CLANG_WARN_INT_CONVERSION = YES;
				CLANG_WARN_NON_LITERAL_NULL_CONVERSION = YES;
				CLANG_WARN_OBJC_IMPLICIT_RETAIN_SELF = YES;
				CLANG_WARN_OBJC_LITERAL_CONVERSION = YES;
				CLANG_WARN_OBJC_ROOT_CLASS = YES_ERROR;
				CLANG_WARN_QUOTED_INCLUDE_IN_FRAMEWORK_HEADER = YES;
				CLANG_WARN_RANGE_LOOP_ANALYSIS = YES;
				CLANG_WARN_STRICT_PROTOTYPES = YES;
				CLANG_WARN_SUSPICIOUS_MOVE = YES;
				CLANG_WARN_UNGUARDED_AVAILABILITY = YES_AGGRESSIVE;
				CLANG_WARN_UNREACHABLE_CODE = YES;
				CLANG_WARN__DUPLICATE_METHOD_MATCH = YES;
				COPY_PHASE_STRIP = NO;
				DEBUG_INFORMATION_FORMAT = dwarf;
				ENABLE_STRICT_OBJC_MSGSEND = YES;
				ENABLE_TESTABILITY = YES;
				GCC_C_LANGUAGE_STANDARD = gnu11;
				GCC_DYNAMIC_NO_PIC = NO;
				GCC_NO_COMMON_BLOCKS = YES;
				GCC_OPTIMIZATION_LEVEL = 0;
				GCC_PREPROCESSOR_DEFINITIONS = (
					"DEBUG=1",
					"$(inherited)",
				);
				GCC_WARN_64_TO_32_BIT_CONVERSION = YES;
				GCC_WARN_ABOUT_RETURN_TYPE = YES_ERROR;
				GCC_WARN_UNDECLARED_SELECTOR = YES;
				GCC_WARN_UNINITIALIZED_AUTOS = YES_AGGRESSIVE;
				GCC_WARN_UNUSED_FUNCTION = YES;
				GCC_WARN_UNUSED_VARIABLE = YES;
				IPHONEOS_DEPLOYMENT_TARGET = 14.1;
				MTL_ENABLE_DEBUG_INFO = INCLUDE_SOURCE;
				MTL_FAST_MATH = YES;
				ONLY_ACTIVE_ARCH = YES;
				SDKROOT = iphoneos;
				SWIFT_ACTIVE_COMPILATION_CONDITIONS = DEBUG;
				SWIFT_OPTIMIZATION_LEVEL = "-Onone";
			};
			name = Debug;
		};
		C2392B9A2560F04000A93493 /* Release */ = {
			isa = XCBuildConfiguration;
			buildSettings = {
				ALWAYS_SEARCH_USER_PATHS = NO;
				CLANG_ANALYZER_NONNULL = YES;
				CLANG_ANALYZER_NUMBER_OBJECT_CONVERSION = YES_AGGRESSIVE;
				CLANG_CXX_LANGUAGE_STANDARD = "gnu++14";
				CLANG_CXX_LIBRARY = "libc++";
				CLANG_ENABLE_MODULES = YES;
				CLANG_ENABLE_OBJC_ARC = YES;
				CLANG_ENABLE_OBJC_WEAK = YES;
				CLANG_WARN_BLOCK_CAPTURE_AUTORELEASING = YES;
				CLANG_WARN_BOOL_CONVERSION = YES;
				CLANG_WARN_COMMA = YES;
				CLANG_WARN_CONSTANT_CONVERSION = YES;
				CLANG_WARN_DEPRECATED_OBJC_IMPLEMENTATIONS = YES;
				CLANG_WARN_DIRECT_OBJC_ISA_USAGE = YES_ERROR;
				CLANG_WARN_DOCUMENTATION_COMMENTS = YES;
				CLANG_WARN_EMPTY_BODY = YES;
				CLANG_WARN_ENUM_CONVERSION = YES;
				CLANG_WARN_INFINITE_RECURSION = YES;
				CLANG_WARN_INT_CONVERSION = YES;
				CLANG_WARN_NON_LITERAL_NULL_CONVERSION = YES;
				CLANG_WARN_OBJC_IMPLICIT_RETAIN_SELF = YES;
				CLANG_WARN_OBJC_LITERAL_CONVERSION = YES;
				CLANG_WARN_OBJC_ROOT_CLASS = YES_ERROR;
				CLANG_WARN_QUOTED_INCLUDE_IN_FRAMEWORK_HEADER = YES;
				CLANG_WARN_RANGE_LOOP_ANALYSIS = YES;
				CLANG_WARN_STRICT_PROTOTYPES = YES;
				CLANG_WARN_SUSPICIOUS_MOVE = YES;
				CLANG_WARN_UNGUARDED_AVAILABILITY = YES_AGGRESSIVE;
				CLANG_WARN_UNREACHABLE_CODE = YES;
				CLANG_WARN__DUPLICATE_METHOD_MATCH = YES;
				COPY_PHASE_STRIP = NO;
				DEBUG_INFORMATION_FORMAT = "dwarf-with-dsym";
				ENABLE_NS_ASSERTIONS = NO;
				ENABLE_STRICT_OBJC_MSGSEND = YES;
				GCC_C_LANGUAGE_STANDARD = gnu11;
				GCC_NO_COMMON_BLOCKS = YES;
				GCC_WARN_64_TO_32_BIT_CONVERSION = YES;
				GCC_WARN_ABOUT_RETURN_TYPE = YES_ERROR;
				GCC_WARN_UNDECLARED_SELECTOR = YES;
				GCC_WARN_UNINITIALIZED_AUTOS = YES_AGGRESSIVE;
				GCC_WARN_UNUSED_FUNCTION = YES;
				GCC_WARN_UNUSED_VARIABLE = YES;
				IPHONEOS_DEPLOYMENT_TARGET = 14.1;
				MTL_ENABLE_DEBUG_INFO = NO;
				MTL_FAST_MATH = YES;
				SDKROOT = iphoneos;
				SWIFT_COMPILATION_MODE = wholemodule;
				SWIFT_OPTIMIZATION_LEVEL = "-O";
				VALIDATE_PRODUCT = YES;
			};
			name = Release;
		};
		C2392B9C2560F04000A93493 /* Debug */ = {
			isa = XCBuildConfiguration;
			baseConfigurationReference = EC9BEA3C193C07AAFBAE895A /* Pods-DeenOverDose.debug.xcconfig */;
			buildSettings = {
				ASSETCATALOG_COMPILER_APPICON_NAME = AppIcon;
				ASSETCATALOG_COMPILER_GLOBAL_ACCENT_COLOR_NAME = AccentColor;
				CODE_SIGN_STYLE = Automatic;
				DEVELOPMENT_ASSET_PATHS = "\"DeenOverDose/Preview Content\"";
				DEVELOPMENT_TEAM = 4LVL647LQT;
				ENABLE_PREVIEWS = YES;
				INFOPLIST_FILE = DeenOverDose/Info.plist;
				IPHONEOS_DEPLOYMENT_TARGET = 14.0;
				LD_RUNPATH_SEARCH_PATHS = (
					"$(inherited)",
					"@executable_path/Frameworks",
				);
				PRODUCT_BUNDLE_IDENTIFIER = com.deenod.DeenOverDose;
				PRODUCT_NAME = "$(TARGET_NAME)";
				SWIFT_VERSION = 5.0;
				TARGETED_DEVICE_FAMILY = "1,2";
			};
			name = Debug;
		};
		C2392B9D2560F04000A93493 /* Release */ = {
			isa = XCBuildConfiguration;
			baseConfigurationReference = F5DACAF32F5B4C850ACD489E /* Pods-DeenOverDose.release.xcconfig */;
			buildSettings = {
				ASSETCATALOG_COMPILER_APPICON_NAME = AppIcon;
				ASSETCATALOG_COMPILER_GLOBAL_ACCENT_COLOR_NAME = AccentColor;
				CODE_SIGN_STYLE = Automatic;
				DEVELOPMENT_ASSET_PATHS = "\"DeenOverDose/Preview Content\"";
				DEVELOPMENT_TEAM = 4LVL647LQT;
				ENABLE_PREVIEWS = YES;
				INFOPLIST_FILE = DeenOverDose/Info.plist;
				IPHONEOS_DEPLOYMENT_TARGET = 14.0;
				LD_RUNPATH_SEARCH_PATHS = (
					"$(inherited)",
					"@executable_path/Frameworks",
				);
				PRODUCT_BUNDLE_IDENTIFIER = com.deenod.DeenOverDose;
				PRODUCT_NAME = "$(TARGET_NAME)";
				SWIFT_VERSION = 5.0;
				TARGETED_DEVICE_FAMILY = "1,2";
			};
			name = Release;
		};
/* End XCBuildConfiguration section */

/* Begin XCConfigurationList section */
		C2392B822560F03D00A93493 /* Build configuration list for PBXProject "DeenOverDose" */ = {
			isa = XCConfigurationList;
			buildConfigurations = (
				C2392B992560F04000A93493 /* Debug */,
				C2392B9A2560F04000A93493 /* Release */,
			);
			defaultConfigurationIsVisible = 0;
			defaultConfigurationName = Release;
		};
		C2392B9B2560F04000A93493 /* Build configuration list for PBXNativeTarget "DeenOverDose" */ = {
			isa = XCConfigurationList;
			buildConfigurations = (
				C2392B9C2560F04000A93493 /* Debug */,
				C2392B9D2560F04000A93493 /* Release */,
			);
			defaultConfigurationIsVisible = 0;
			defaultConfigurationName = Release;
		};
/* End XCConfigurationList section */
	};
	rootObject = C2392B7F2560F03D00A93493 /* Project object */;
}
